// !$*UTF8*$!
{
	archiveVersion = 1;
	classes = {
	};
	objectVersion = 55;
	objects = {

/* Begin PBXBuildFile section */
		BD315894278C3AF700F385D6 /* RemainingView.swift in Sources */ = {isa = PBXBuildFile; fileRef = BD315893278C3AF700F385D6 /* RemainingView.swift */; };
		BDF89B7D278A92E300B976EA /* Mac_Charge_MonitorApp.swift in Sources */ = {isa = PBXBuildFile; fileRef = BDF89B7C278A92E300B976EA /* Mac_Charge_MonitorApp.swift */; };
		BDF89B81278A92E400B976EA /* Assets.xcassets in Resources */ = {isa = PBXBuildFile; fileRef = BDF89B80278A92E400B976EA /* Assets.xcassets */; };
		BDF89B84278A92E400B976EA /* Preview Assets.xcassets in Resources */ = {isa = PBXBuildFile; fileRef = BDF89B83278A92E400B976EA /* Preview Assets.xcassets */; };
		BDF89B91278AA91900B976EA /* MenuView.swift in Sources */ = {isa = PBXBuildFile; fileRef = BDF89B8F278AA91900B976EA /* MenuView.swift */; };
		BDF89B92278AA91900B976EA /* MacAnimationView.swift in Sources */ = {isa = PBXBuildFile; fileRef = BDF89B90278AA91900B976EA /* MacAnimationView.swift */; };
		BDF89B95278AA97500B976EA /* AVPlayerExtension.swift in Sources */ = {isa = PBXBuildFile; fileRef = BDF89B94278AA97500B976EA /* AVPlayerExtension.swift */; };
		BDF89B97278AABE300B976EA /* macbookair.mov in Resources */ = {isa = PBXBuildFile; fileRef = BDF89B96278AABE300B976EA /* macbookair.mov */; };
		BDF89B9A278AAEB900B976EA /* BatteryView.swift in Sources */ = {isa = PBXBuildFile; fileRef = BDF89B99278AAEB900B976EA /* BatteryView.swift */; };
		BDF89B9C278AB22500B976EA /* ColorExtension.swift in Sources */ = {isa = PBXBuildFile; fileRef = BDF89B9B278AB22500B976EA /* ColorExtension.swift */; };
		BDF89BA1278AC04500B976EA /* DeviceStatus.swift in Sources */ = {isa = PBXBuildFile; fileRef = BDF89BA0278AC04500B976EA /* DeviceStatus.swift */; };
		BDF89BA3278AC08300B976EA /* DeviceInfo.swift in Sources */ = {isa = PBXBuildFile; fileRef = BDF89BA2278AC08300B976EA /* DeviceInfo.swift */; };
		BDF89BA8278AC8A100B976EA /* GetDeviceInfo.swift in Sources */ = {isa = PBXBuildFile; fileRef = BDF89BA7278AC8A100B976EA /* GetDeviceInfo.swift */; };
		BDF89BB1278B199A00B976EA /* cover.png in Resources */ = {isa = PBXBuildFile; fileRef = BDF89BB0278B199A00B976EA /* cover.png */; };
/* End PBXBuildFile section */

/* Begin PBXFileReference section */
		BD315893278C3AF700F385D6 /* RemainingView.swift */ = {isa = PBXFileReference; lastKnownFileType = sourcecode.swift; path = RemainingView.swift; sourceTree = "<group>"; };
		BDF89B79278A92E300B976EA /* Mac Charge Monitor.app */ = {isa = PBXFileReference; explicitFileType = wrapper.application; includeInIndex = 0; path = "Mac Charge Monitor.app"; sourceTree = BUILT_PRODUCTS_DIR; };
		BDF89B7C278A92E300B976EA /* Mac_Charge_MonitorApp.swift */ = {isa = PBXFileReference; lastKnownFileType = sourcecode.swift; path = Mac_Charge_MonitorApp.swift; sourceTree = "<group>"; };
		BDF89B80278A92E400B976EA /* Assets.xcassets */ = {isa = PBXFileReference; lastKnownFileType = folder.assetcatalog; path = Assets.xcassets; sourceTree = "<group>"; };
		BDF89B83278A92E400B976EA /* Preview Assets.xcassets */ = {isa = PBXFileReference; lastKnownFileType = folder.assetcatalog; path = "Preview Assets.xcassets"; sourceTree = "<group>"; };
		BDF89B85278A92E400B976EA /* Mac_Charge_Monitor.entitlements */ = {isa = PBXFileReference; lastKnownFileType = text.plist.entitlements; path = Mac_Charge_Monitor.entitlements; sourceTree = "<group>"; };
		BDF89B8F278AA91900B976EA /* MenuView.swift */ = {isa = PBXFileReference; fileEncoding = 4; lastKnownFileType = sourcecode.swift; path = MenuView.swift; sourceTree = "<group>"; };
		BDF89B90278AA91900B976EA /* MacAnimationView.swift */ = {isa = PBXFileReference; fileEncoding = 4; lastKnownFileType = sourcecode.swift; path = MacAnimationView.swift; sourceTree = "<group>"; };
		BDF89B94278AA97500B976EA /* AVPlayerExtension.swift */ = {isa = PBXFileReference; fileEncoding = 4; lastKnownFileType = sourcecode.swift; path = AVPlayerExtension.swift; sourceTree = "<group>"; };
		BDF89B96278AABE300B976EA /* macbookair.mov */ = {isa = PBXFileReference; lastKnownFileType = video.quicktime; path = macbookair.mov; sourceTree = "<group>"; };
		BDF89B99278AAEB900B976EA /* BatteryView.swift */ = {isa = PBXFileReference; lastKnownFileType = sourcecode.swift; path = BatteryView.swift; sourceTree = "<group>"; };
		BDF89B9B278AB22500B976EA /* ColorExtension.swift */ = {isa = PBXFileReference; lastKnownFileType = sourcecode.swift; path = ColorExtension.swift; sourceTree = "<group>"; };
		BDF89BA0278AC04500B976EA /* DeviceStatus.swift */ = {isa = PBXFileReference; lastKnownFileType = sourcecode.swift; path = DeviceStatus.swift; sourceTree = "<group>"; };
		BDF89BA2278AC08300B976EA /* DeviceInfo.swift */ = {isa = PBXFileReference; lastKnownFileType = sourcecode.swift; path = DeviceInfo.swift; sourceTree = "<group>"; };
		BDF89BA7278AC8A100B976EA /* GetDeviceInfo.swift */ = {isa = PBXFileReference; lastKnownFileType = sourcecode.swift; path = GetDeviceInfo.swift; sourceTree = "<group>"; };
		BDF89BA9278ACF2E00B976EA /* Mac-Charge-Monitor-Info.plist */ = {isa = PBXFileReference; lastKnownFileType = text.plist; path = "Mac-Charge-Monitor-Info.plist"; sourceTree = SOURCE_ROOT; };
		BDF89BB0278B199A00B976EA /* cover.png */ = {isa = PBXFileReference; lastKnownFileType = image.png; path = cover.png; sourceTree = "<group>"; };
/* End PBXFileReference section */

/* Begin PBXFrameworksBuildPhase section */
		BDF89B76278A92E300B976EA /* Frameworks */ = {
			isa = PBXFrameworksBuildPhase;
			buildActionMask = 2147483647;
			files = (
			);
			runOnlyForDeploymentPostprocessing = 0;
		};
/* End PBXFrameworksBuildPhase section */

/* Begin PBXGroup section */
		BDF89B70278A92E300B976EA = {
			isa = PBXGroup;
			children = (
				BDF89B7B278A92E300B976EA /* Mac Charge Monitor */,
				BDF89B7A278A92E300B976EA /* Products */,
			);
			sourceTree = "<group>";
		};
		BDF89B7A278A92E300B976EA /* Products */ = {
			isa = PBXGroup;
			children = (
				BDF89B79278A92E300B976EA /* Mac Charge Monitor.app */,
			);
			name = Products;
			sourceTree = "<group>";
		};
		BDF89B7B278A92E300B976EA /* Mac Charge Monitor */ = {
			isa = PBXGroup;
			children = (
				BDF89BA9278ACF2E00B976EA /* Mac-Charge-Monitor-Info.plist */,
				BDF89B7C278A92E300B976EA /* Mac_Charge_MonitorApp.swift */,
				BDF89BA6278AC88F00B976EA /* Tool */,
				BDF89B9F278AC03200B976EA /* Data */,
				BDF89B98278AAE4400B976EA /* View */,
				BDF89B93278AA95800B976EA /* Extensions */,
				BDF89B8E278AA8DC00B976EA /* Menu */,
				BDF89B8B278AA8BE00B976EA /* Resources */,
				BDF89B80278A92E400B976EA /* Assets.xcassets */,
				BDF89B85278A92E400B976EA /* Mac_Charge_Monitor.entitlements */,
				BDF89B82278A92E400B976EA /* Preview Content */,
			);
			path = "Mac Charge Monitor";
			sourceTree = "<group>";
		};
		BDF89B82278A92E400B976EA /* Preview Content */ = {
			isa = PBXGroup;
			children = (
				BDF89B83278A92E400B976EA /* Preview Assets.xcassets */,
			);
			path = "Preview Content";
			sourceTree = "<group>";
		};
		BDF89B8B278AA8BE00B976EA /* Resources */ = {
			isa = PBXGroup;
			children = (
				BDF89BB0278B199A00B976EA /* cover.png */,
				BDF89B96278AABE300B976EA /* macbookair.mov */,
			);
			path = Resources;
			sourceTree = "<group>";
		};
		BDF89B8E278AA8DC00B976EA /* Menu */ = {
			isa = PBXGroup;
			children = (
				BDF89B90278AA91900B976EA /* MacAnimationView.swift */,
				BDF89B8F278AA91900B976EA /* MenuView.swift */,
			);
			path = Menu;
			sourceTree = "<group>";
		};
		BDF89B93278AA95800B976EA /* Extensions */ = {
			isa = PBXGroup;
			children = (
				BDF89B94278AA97500B976EA /* AVPlayerExtension.swift */,
				BDF89B9B278AB22500B976EA /* ColorExtension.swift */,
			);
			path = Extensions;
			sourceTree = "<group>";
		};
		BDF89B98278AAE4400B976EA /* View */ = {
			isa = PBXGroup;
			children = (
				BDF89B99278AAEB900B976EA /* BatteryView.swift */,
				BD315893278C3AF700F385D6 /* RemainingView.swift */,
			);
			path = View;
			sourceTree = "<group>";
		};
		BDF89B9F278AC03200B976EA /* Data */ = {
			isa = PBXGroup;
			children = (
				BDF89BA0278AC04500B976EA /* DeviceStatus.swift */,
				BDF89BA2278AC08300B976EA /* DeviceInfo.swift */,
			);
			path = Data;
			sourceTree = "<group>";
		};
		BDF89BA6278AC88F00B976EA /* Tool */ = {
			isa = PBXGroup;
			children = (
				BDF89BA7278AC8A100B976EA /* GetDeviceInfo.swift */,
			);
			path = Tool;
			sourceTree = "<group>";
		};
/* End PBXGroup section */

/* Begin PBXNativeTarget section */
		BDF89B78278A92E300B976EA /* Mac Charge Monitor */ = {
			isa = PBXNativeTarget;
			buildConfigurationList = BDF89B88278A92E400B976EA /* Build configuration list for PBXNativeTarget "Mac Charge Monitor" */;
			buildPhases = (
				BDF89B75278A92E300B976EA /* Sources */,
				BDF89B76278A92E300B976EA /* Frameworks */,
				BDF89B77278A92E300B976EA /* Resources */,
			);
			buildRules = (
			);
			dependencies = (
			);
			name = "Mac Charge Monitor";
			productName = "Mac Charge Monitor";
			productReference = BDF89B79278A92E300B976EA /* Mac Charge Monitor.app */;
			productType = "com.apple.product-type.application";
		};
/* End PBXNativeTarget section */

/* Begin PBXProject section */
		BDF89B71278A92E300B976EA /* Project object */ = {
			isa = PBXProject;
			attributes = {
				BuildIndependentTargetsInParallel = 1;
				LastSwiftUpdateCheck = 1320;
				LastUpgradeCheck = 1320;
				TargetAttributes = {
					BDF89B78278A92E300B976EA = {
						CreatedOnToolsVersion = 13.2.1;
					};
				};
			};
			buildConfigurationList = BDF89B74278A92E300B976EA /* Build configuration list for PBXProject "Mac Charge Monitor" */;
			compatibilityVersion = "Xcode 13.0";
			developmentRegion = en;
			hasScannedForEncodings = 0;
			knownRegions = (
				en,
				Base,
			);
			mainGroup = BDF89B70278A92E300B976EA;
			productRefGroup = BDF89B7A278A92E300B976EA /* Products */;
			projectDirPath = "";
			projectRoot = "";
			targets = (
				BDF89B78278A92E300B976EA /* Mac Charge Monitor */,
			);
		};
/* End PBXProject section */

/* Begin PBXResourcesBuildPhase section */
		BDF89B77278A92E300B976EA /* Resources */ = {
			isa = PBXResourcesBuildPhase;
			buildActionMask = 2147483647;
			files = (
				BDF89BB1278B199A00B976EA /* cover.png in Resources */,
				BDF89B84278A92E400B976EA /* Preview Assets.xcassets in Resources */,
				BDF89B81278A92E400B976EA /* Assets.xcassets in Resources */,
				BDF89B97278AABE300B976EA /* macbookair.mov in Resources */,
			);
			runOnlyForDeploymentPostprocessing = 0;
		};
/* End PBXResourcesBuildPhase section */

/* Begin PBXSourcesBuildPhase section */
		BDF89B75278A92E300B976EA /* Sources */ = {
			isa = PBXSourcesBuildPhase;
			buildActionMask = 2147483647;
			files = (
				BDF89B9A278AAEB900B976EA /* BatteryView.swift in Sources */,
				BDF89BA1278AC04500B976EA /* DeviceStatus.swift in Sources */,
				BDF89B92278AA91900B976EA /* MacAnimationView.swift in Sources */,
				BDF89BA3278AC08300B976EA /* DeviceInfo.swift in Sources */,
				BDF89B95278AA97500B976EA /* AVPlayerExtension.swift in Sources */,
				BDF89BA8278AC8A100B976EA /* GetDeviceInfo.swift in Sources */,
				BDF89B91278AA91900B976EA /* MenuView.swift in Sources */,
				BDF89B9C278AB22500B976EA /* ColorExtension.swift in Sources */,
				BDF89B7D278A92E300B976EA /* Mac_Charge_MonitorApp.swift in Sources */,
				BD315894278C3AF700F385D6 /* RemainingView.swift in Sources */,
			);
			runOnlyForDeploymentPostprocessing = 0;
		};
/* End PBXSourcesBuildPhase section */

/* Begin XCBuildConfiguration section */
		BDF89B86278A92E400B976EA /* Debug */ = {
			isa = XCBuildConfiguration;
			buildSettings = {
				ALWAYS_SEARCH_USER_PATHS = NO;
				CLANG_ANALYZER_NONNULL = YES;
				CLANG_ANALYZER_NUMBER_OBJECT_CONVERSION = YES_AGGRESSIVE;
				CLANG_CXX_LANGUAGE_STANDARD = "gnu++17";
				CLANG_CXX_LIBRARY = "libc++";
				CLANG_ENABLE_MODULES = YES;
				CLANG_ENABLE_OBJC_ARC = YES;
				CLANG_ENABLE_OBJC_WEAK = YES;
				CLANG_WARN_BLOCK_CAPTURE_AUTORELEASING = YES;
				CLANG_WARN_BOOL_CONVERSION = YES;
				CLANG_WARN_COMMA = YES;
				CLANG_WARN_CONSTANT_CONVERSION = YES;
				CLANG_WARN_DEPRECATED_OBJC_IMPLEMENTATIONS = YES;
				CLANG_WARN_DIRECT_OBJC_ISA_USAGE = YES_ERROR;
				CLANG_WARN_DOCUMENTATION_COMMENTS = YES;
				CLANG_WARN_EMPTY_BODY = YES;
				CLANG_WARN_ENUM_CONVERSION = YES;
				CLANG_WARN_INFINITE_RECURSION = YES;
				CLANG_WARN_INT_CONVERSION = YES;
				CLANG_WARN_NON_LITERAL_NULL_CONVERSION = YES;
				CLANG_WARN_OBJC_IMPLICIT_RETAIN_SELF = YES;
				CLANG_WARN_OBJC_LITERAL_CONVERSION = YES;
				CLANG_WARN_OBJC_ROOT_CLASS = YES_ERROR;
				CLANG_WARN_QUOTED_INCLUDE_IN_FRAMEWORK_HEADER = YES;
				CLANG_WARN_RANGE_LOOP_ANALYSIS = YES;
				CLANG_WARN_STRICT_PROTOTYPES = YES;
				CLANG_WARN_SUSPICIOUS_MOVE = YES;
				CLANG_WARN_UNGUARDED_AVAILABILITY = YES_AGGRESSIVE;
				CLANG_WARN_UNREACHABLE_CODE = YES;
				CLANG_WARN__DUPLICATE_METHOD_MATCH = YES;
				COPY_PHASE_STRIP = NO;
				DEBUG_INFORMATION_FORMAT = dwarf;
				ENABLE_STRICT_OBJC_MSGSEND = YES;
				ENABLE_TESTABILITY = YES;
				GCC_C_LANGUAGE_STANDARD = gnu11;
				GCC_DYNAMIC_NO_PIC = NO;
				GCC_NO_COMMON_BLOCKS = YES;
				GCC_OPTIMIZATION_LEVEL = 0;
				GCC_PREPROCESSOR_DEFINITIONS = (
					"DEBUG=1",
					"$(inherited)",
				);
				GCC_WARN_64_TO_32_BIT_CONVERSION = YES;
				GCC_WARN_ABOUT_RETURN_TYPE = YES_ERROR;
				GCC_WARN_UNDECLARED_SELECTOR = YES;
				GCC_WARN_UNINITIALIZED_AUTOS = YES_AGGRESSIVE;
				GCC_WARN_UNUSED_FUNCTION = YES;
				GCC_WARN_UNUSED_VARIABLE = YES;
				MACOSX_DEPLOYMENT_TARGET = 12.1;
				MTL_ENABLE_DEBUG_INFO = INCLUDE_SOURCE;
				MTL_FAST_MATH = YES;
				ONLY_ACTIVE_ARCH = YES;
				SDKROOT = macosx;
				SWIFT_ACTIVE_COMPILATION_CONDITIONS = DEBUG;
				SWIFT_OPTIMIZATION_LEVEL = "-Onone";
			};
			name = Debug;
		};
		BDF89B87278A92E400B976EA /* Release */ = {
			isa = XCBuildConfiguration;
			buildSettings = {
				ALWAYS_SEARCH_USER_PATHS = NO;
				CLANG_ANALYZER_NONNULL = YES;
				CLANG_ANALYZER_NUMBER_OBJECT_CONVERSION = YES_AGGRESSIVE;
				CLANG_CXX_LANGUAGE_STANDARD = "gnu++17";
				CLANG_CXX_LIBRARY = "libc++";
				CLANG_ENABLE_MODULES = YES;
				CLANG_ENABLE_OBJC_ARC = YES;
				CLANG_ENABLE_OBJC_WEAK = YES;
				CLANG_WARN_BLOCK_CAPTURE_AUTORELEASING = YES;
				CLANG_WARN_BOOL_CONVERSION = YES;
				CLANG_WARN_COMMA = YES;
				CLANG_WARN_CONSTANT_CONVERSION = YES;
				CLANG_WARN_DEPRECATED_OBJC_IMPLEMENTATIONS = YES;
				CLANG_WARN_DIRECT_OBJC_ISA_USAGE = YES_ERROR;
				CLANG_WARN_DOCUMENTATION_COMMENTS = YES;
				CLANG_WARN_EMPTY_BODY = YES;
				CLANG_WARN_ENUM_CONVERSION = YES;
				CLANG_WARN_INFINITE_RECURSION = YES;
				CLANG_WARN_INT_CONVERSION = YES;
				CLANG_WARN_NON_LITERAL_NULL_CONVERSION = YES;
				CLANG_WARN_OBJC_IMPLICIT_RETAIN_SELF = YES;
				CLANG_WARN_OBJC_LITERAL_CONVERSION = YES;
				CLANG_WARN_OBJC_ROOT_CLASS = YES_ERROR;
				CLANG_WARN_QUOTED_INCLUDE_IN_FRAMEWORK_HEADER = YES;
				CLANG_WARN_RANGE_LOOP_ANALYSIS = YES;
				CLANG_WARN_STRICT_PROTOTYPES = YES;
				CLANG_WARN_SUSPICIOUS_MOVE = YES;
				CLANG_WARN_UNGUARDED_AVAILABILITY = YES_AGGRESSIVE;
				CLANG_WARN_UNREACHABLE_CODE = YES;
				CLANG_WARN__DUPLICATE_METHOD_MATCH = YES;
				COPY_PHASE_STRIP = NO;
				DEBUG_INFORMATION_FORMAT = "dwarf-with-dsym";
				ENABLE_NS_ASSERTIONS = NO;
				ENABLE_STRICT_OBJC_MSGSEND = YES;
				GCC_C_LANGUAGE_STANDARD = gnu11;
				GCC_NO_COMMON_BLOCKS = YES;
				GCC_WARN_64_TO_32_BIT_CONVERSION = YES;
				GCC_WARN_ABOUT_RETURN_TYPE = YES_ERROR;
				GCC_WARN_UNDECLARED_SELECTOR = YES;
				GCC_WARN_UNINITIALIZED_AUTOS = YES_AGGRESSIVE;
				GCC_WARN_UNUSED_FUNCTION = YES;
				GCC_WARN_UNUSED_VARIABLE = YES;
				MACOSX_DEPLOYMENT_TARGET = 12.1;
				MTL_ENABLE_DEBUG_INFO = NO;
				MTL_FAST_MATH = YES;
				SDKROOT = macosx;
				SWIFT_COMPILATION_MODE = wholemodule;
				SWIFT_OPTIMIZATION_LEVEL = "-O";
			};
			name = Release;
		};
		BDF89B89278A92E400B976EA /* Debug */ = {
			isa = XCBuildConfiguration;
			buildSettings = {
				ASSETCATALOG_COMPILER_APPICON_NAME = AppIcon;
				ASSETCATALOG_COMPILER_GLOBAL_ACCENT_COLOR_NAME = AccentColor;
				CODE_SIGN_ENTITLEMENTS = "Mac Charge Monitor/Mac_Charge_Monitor.entitlements";
				CODE_SIGN_STYLE = Automatic;
				COMBINE_HIDPI_IMAGES = YES;
				CURRENT_PROJECT_VERSION = 1;
				DEVELOPMENT_ASSET_PATHS = "\"Mac Charge Monitor/Preview Content\"";
				ENABLE_PREVIEWS = YES;
				GENERATE_INFOPLIST_FILE = YES;
				INFOPLIST_FILE = "Mac-Charge-Monitor-Info.plist";
				INFOPLIST_KEY_LSApplicationCategoryType = "public.app-category.utilities";
				INFOPLIST_KEY_NSHumanReadableCopyright = "";
				LD_RUNPATH_SEARCH_PATHS = (
					"$(inherited)",
					"@executable_path/../Frameworks",
				);
				MARKETING_VERSION = 1.02;
				PRODUCT_BUNDLE_IDENTIFIER = "com.noreply-email.Mac-Charge-Monitor";
				PRODUCT_NAME = "$(TARGET_NAME)";
				SWIFT_EMIT_LOC_STRINGS = YES;
				SWIFT_VERSION = 5.0;
			};
			name = Debug;
		};
		BDF89B8A278A92E400B976EA /* Release */ = {
			isa = XCBuildConfiguration;
			buildSettings = {
				ASSETCATALOG_COMPILER_APPICON_NAME = AppIcon;
				ASSETCATALOG_COMPILER_GLOBAL_ACCENT_COLOR_NAME = AccentColor;
				CODE_SIGN_ENTITLEMENTS = "Mac Charge Monitor/Mac_Charge_Monitor.entitlements";
				CODE_SIGN_STYLE = Automatic;
				COMBINE_HIDPI_IMAGES = YES;
				CURRENT_PROJECT_VERSION = 1;
				DEVELOPMENT_ASSET_PATHS = "\"Mac Charge Monitor/Preview Content\"";
				ENABLE_PREVIEWS = YES;
				GENERATE_INFOPLIST_FILE = YES;
				INFOPLIST_FILE = "Mac-Charge-Monitor-Info.plist";
				INFOPLIST_KEY_LSApplicationCategoryType = "public.app-category.utilities";
				INFOPLIST_KEY_NSHumanReadableCopyright = "";
				LD_RUNPATH_SEARCH_PATHS = (
					"$(inherited)",
					"@executable_path/../Frameworks",
				);
				MARKETING_VERSION = 1.02;
				PRODUCT_BUNDLE_IDENTIFIER = "com.noreply-email.Mac-Charge-Monitor";
				PRODUCT_NAME = "$(TARGET_NAME)";
				SWIFT_EMIT_LOC_STRINGS = YES;
				SWIFT_VERSION = 5.0;
			};
			name = Release;
		};
/* End XCBuildConfiguration section */

/* Begin XCConfigurationList section */
		BDF89B74278A92E300B976EA /* Build configuration list for PBXProject "Mac Charge Monitor" */ = {
			isa = XCConfigurationList;
			buildConfigurations = (
				BDF89B86278A92E400B976EA /* Debug */,
				BDF89B87278A92E400B976EA /* Release */,
			);
			defaultConfigurationIsVisible = 0;
			defaultConfigurationName = Release;
		};
		BDF89B88278A92E400B976EA /* Build configuration list for PBXNativeTarget "Mac Charge Monitor" */ = {
			isa = XCConfigurationList;
			buildConfigurations = (
				BDF89B89278A92E400B976EA /* Debug */,
				BDF89B8A278A92E400B976EA /* Release */,
			);
			defaultConfigurationIsVisible = 0;
			defaultConfigurationName = Release;
		};
/* End XCConfigurationList section */
	};
	rootObject = BDF89B71278A92E300B976EA /* Project object */;
}
